
Microsoft Visual Studio Solution File, Format Version 12.00
# Visual Studio Version 16
VisualStudioVersion = 16.0.31205.134
MinimumVisualStudioVersion = 10.0.40219.1
Project("{F184B08F-C81C-45F6-A57F-5ABD9991F28F}") = "gestion desstagiaires", "gestion desstagiaires\gestion desstagiaires.vbproj", "{EA54CC2B-5909-469E-B0B8-34ACFF484DB0}"
EndProject
Global
	GlobalSection(SolutionConfigurationPlatforms) = preSolution
		Debug|Any CPU = Debug|Any CPU
		Release|Any CPU = Release|Any CPU
	EndGlobalSection
	GlobalSection(ProjectConfigurationPlatforms) = postSolution
		{EA54CC2B-5909-469E-B0B8-34ACFF484DB0}.Debug|Any CPU.ActiveCfg = Debug|Any CPU
		{EA54CC2B-5909-469E-B0B8-34ACFF484DB0}.Debug|Any CPU.Build.0 = Debug|Any CPU
		{EA54CC2B-5909-469E-B0B8-34ACFF484DB0}.Release|Any CPU.ActiveCfg = Release|Any CPU
		{EA54CC2B-5909-469E-B0B8-34ACFF484DB0}.Release|Any CPU.Build.0 = Release|Any CPU
	EndGlobalSection
	GlobalSection(SolutionProperties) = preSolution
		HideSolutionNode = FALSE
	EndGlobalSection
	GlobalSection(ExtensibilityGlobals) = postSolution
		SolutionGuid = {8D43C9A7-80C5-4417-8876-90D8DF14960F}
	EndGlobalSection
EndGlobal
